
Microsoft Visual Studio Solution File, Format Version 12.00
# Visual Studio Version 17
VisualStudioVersion = 17.8.34525.116
MinimumVisualStudioVersion = 10.0.40219.1
Project("{FAE04EC0-301F-11D3-BF4B-00C04F79EFBC}") = "Maui.CredentialManagers", "Maui.CredentialManagers\Maui.CredentialManagers.csproj", "{49D1D9D1-246E-409C-9AB3-36563F8CFA9B}"
EndProject
Global
	GlobalSection(SolutionConfigurationPlatforms) = preSolution
		Debug|Any CPU = Debug|Any CPU
		Release|Any CPU = Release|Any CPU
	EndGlobalSection
	GlobalSection(ProjectConfigurationPlatforms) = postSolution
		{49D1D9D1-246E-409C-9AB3-36563F8CFA9B}.Debug|Any CPU.ActiveCfg = Debug|Any CPU
		{49D1D9D1-246E-409C-9AB3-36563F8CFA9B}.Debug|Any CPU.Build.0 = Debug|Any CPU
		{49D1D9D1-246E-409C-9AB3-36563F8CFA9B}.Release|Any CPU.ActiveCfg = Release|Any CPU
		{49D1D9D1-246E-409C-9AB3-36563F8CFA9B}.Release|Any CPU.Build.0 = Release|Any CPU
	EndGlobalSection
	GlobalSection(SolutionProperties) = preSolution
		HideSolutionNode = FALSE
	EndGlobalSection
	GlobalSection(ExtensibilityGlobals) = postSolution
		SolutionGuid = {064F7FA8-1F77-4D17-BC4A-9037D7C8997C}
	EndGlobalSection
EndGlobal
